<?xml version="1.0" encoding="UTF-8"?>
<Project ToolsVersion="14.0" xmlns="http://schemas.microsoft.com/developer/msbuild/2003">
  <ItemGroup>
    <ClCompile Include="C:\Users\szabo\OneDrive\Dokumentumok\GitHubVisualStudio\signal\main.cpp">
      <Filter>Source Files</Filter>
    </ClCompile>
  </ItemGroup>
  <ItemGroup>
    <CustomBuild Include="C:\Users\szabo\OneDrive\Dokumentumok\GitHubVisualStudio\signal\CMakeLists.txt" />
  </ItemGroup>
  <ItemGroup>
    <Filter Include="Source Files">
      <UniqueIdentifier>{E34E471C-455D-3611-AD21-01BA493A942E}</UniqueIdentifier>
    </Filter>
  </ItemGroup>
</Project>
